schema: '2.0'
stages:
  train:
    cmd: python pipelines/training_pipeline.py
    deps:
    - path: data/raw/train.csv
      hash: md5
      md5: d47aedd9e2d580e06a6ef7ce1732e8b6
      size: 38057952
    - path: src/data.py
      hash: md5
      md5: 04e90bd740250bf5971cc5760b073fa4
      size: 785
    - path: src/features.py
      hash: md5
      md5: f636a2a7583a552723737a6e42a57a08
      size: 1732
    - path: src/model.py
      hash: md5
      md5: bf117b1228e9c190e8e2df3856b3b431
      size: 371
    - path: src/train.py
      hash: md5
      md5: 64348a103459500387905040d58d646d
      size: 1377
    outs:
    - path: mlruns/
      hash: md5
      md5: 971d50242a5e49bb552f11dcc484d5e1.dir
      size: 2204062
      nfiles: 27
