schema: '2.0'
stages:
  train:
    cmd: set PYTHONPATH=. && python src/train.py
    deps:
    - path: data/processed/train_features.csv
      hash: md5
      md5: 6966f2fb9ac21dc521f5d6ef625643df
      size: 27970820
    - path: src/train.py
      hash: md5
      md5: 0b531cd03b9238d4ea7b2d42155d1078
      size: 1533
    outs:
    - path: mlruns/
      hash: md5
      md5: 7f6dfa1aa557a7f4235479e98861889f.dir
      size: 1609
      nfiles: 22
  ingest:
    cmd: set PYTHONPATH=. && python src/data.py
    deps:
    - path: data/raw/train.csv
      hash: md5
      md5: 01deba9a7b2830e0bdb3b0df92df1599
      size: 35006344
    - path: src/data.py
      hash: md5
      md5: 7c6a7497fbb5fd1531c94ee21cba0ee6
      size: 1072
    outs:
    - path: data/processed/clean_data.csv
      hash: md5
      md5: 01deba9a7b2830e0bdb3b0df92df1599
      size: 35006344
  featurize:
    cmd: set PYTHONPATH=. && python src/features.py
    deps:
    - path: data/processed/clean_data.csv
      hash: md5
      md5: 01deba9a7b2830e0bdb3b0df92df1599
      size: 35006344
    - path: src/features.py
      hash: md5
      md5: c14959ef04270db5bd3925b91ef876ba
      size: 2078
    outs:
    - path: data/processed/train_features.csv
      hash: md5
      md5: 6966f2fb9ac21dc521f5d6ef625643df
      size: 27970820
